
Microsoft Visual Studio Solution File, Format Version 12.00
# Visual Studio Version 16
VisualStudioVersion = 16.0.29009.5
MinimumVisualStudioVersion = 10.0.40219.1
Project("{FAE04EC0-301F-11D3-BF4B-00C04F79EFBC}") = "WebAPI", "WebAPI.csproj", "{560942D8-096B-4CC6-8A98-FD332951572F}"
EndProject
Project("{FAE04EC0-301F-11D3-BF4B-00C04F79EFBC}") = "窗口测试程序", "..\窗口测试程序\窗口测试程序.csproj", "{CD2AF26C-3084-4D00-B3DD-52E0464D1119}"
EndProject
Project("{9A19103F-16F7-4668-BE54-9A1E7A4F7556}") = "Test1", "..\css1\Test1.csproj", "{748C2675-51F5-472B-B28F-41680AA63D2A}"
EndProject
Project("{FAE04EC0-301F-11D3-BF4B-00C04F79EFBC}") = "Await", "..\Await\Await.csproj", "{EEF12E1E-B038-46D0-A012-32C22A2F02E3}"
EndProject
Global
	GlobalSection(SolutionConfigurationPlatforms) = preSolution
		Debug|Any CPU = Debug|Any CPU
		Release|Any CPU = Release|Any CPU
	EndGlobalSection
	GlobalSection(ProjectConfigurationPlatforms) = postSolution
		{560942D8-096B-4CC6-8A98-FD332951572F}.Debug|Any CPU.ActiveCfg = Debug|Any CPU
		{560942D8-096B-4CC6-8A98-FD332951572F}.Debug|Any CPU.Build.0 = Debug|Any CPU
		{560942D8-096B-4CC6-8A98-FD332951572F}.Release|Any CPU.ActiveCfg = Release|Any CPU
		{560942D8-096B-4CC6-8A98-FD332951572F}.Release|Any CPU.Build.0 = Release|Any CPU
		{CD2AF26C-3084-4D00-B3DD-52E0464D1119}.Debug|Any CPU.ActiveCfg = Debug|Any CPU
		{CD2AF26C-3084-4D00-B3DD-52E0464D1119}.Debug|Any CPU.Build.0 = Debug|Any CPU
		{CD2AF26C-3084-4D00-B3DD-52E0464D1119}.Release|Any CPU.ActiveCfg = Release|Any CPU
		{CD2AF26C-3084-4D00-B3DD-52E0464D1119}.Release|Any CPU.Build.0 = Release|Any CPU
		{748C2675-51F5-472B-B28F-41680AA63D2A}.Debug|Any CPU.ActiveCfg = Debug|Any CPU
		{748C2675-51F5-472B-B28F-41680AA63D2A}.Debug|Any CPU.Build.0 = Debug|Any CPU
		{748C2675-51F5-472B-B28F-41680AA63D2A}.Release|Any CPU.ActiveCfg = Release|Any CPU
		{748C2675-51F5-472B-B28F-41680AA63D2A}.Release|Any CPU.Build.0 = Release|Any CPU
		{EEF12E1E-B038-46D0-A012-32C22A2F02E3}.Debug|Any CPU.ActiveCfg = Debug|Any CPU
		{EEF12E1E-B038-46D0-A012-32C22A2F02E3}.Debug|Any CPU.Build.0 = Debug|Any CPU
		{EEF12E1E-B038-46D0-A012-32C22A2F02E3}.Release|Any CPU.ActiveCfg = Release|Any CPU
		{EEF12E1E-B038-46D0-A012-32C22A2F02E3}.Release|Any CPU.Build.0 = Release|Any CPU
	EndGlobalSection
	GlobalSection(SolutionProperties) = preSolution
		HideSolutionNode = FALSE
	EndGlobalSection
	GlobalSection(ExtensibilityGlobals) = postSolution
		SolutionGuid = {9FE37F63-F7CE-481D-A62C-19D75E8723ED}
	EndGlobalSection
EndGlobal
